<?xml version="1.0" encoding="utf-8"?>
<Project ToolsVersion="4.0" xmlns="http://schemas.microsoft.com/developer/msbuild/2003">
  <ItemGroup>
    <ClCompile Include="01_Functions_Introduction.cpp" />
    <ClCompile Include="02_Function_Parameters_Return.cpp" />
    <ClCompile Include="03_Value_vs_Reference.cpp" />
    <ClCompile Include="04_Recursive_Function.cpp" />
    <ClCompile Include="05_OneDimensional_Array.cpp" />
    <ClCompile Include="06_MultiDimensional_Array.cpp" />
    <ClCompile Include="07_Character_Arrays.cpp" />
    <ClCompile Include="08_Array_Sorting.cpp" />
  </ItemGroup>
  <ItemGroup>
    <None Include="README.md" />
  </ItemGroup>
</Project>