
Microsoft Visual Studio Solution File, Format Version 12.00
# Visual Studio Version 17
VisualStudioVersion = 17.13.35825.156 d17.13
MinimumVisualStudioVersion = 10.0.40219.1
Project("{8BC9CEB8-8B4A-11D0-8D11-00A0C91BC942}") = "01_Temeller", "01_Temeller\01_Temeller.vcxproj", "{04F45C33-FC2B-4FEE-AC70-2D9C1B08A712}"
EndProject
Project("{8BC9CEB8-8B4A-11D0-8D11-00A0C91BC942}") = "02_Fonksiyonlar_Diziler", "02_Fonksiyonlar_Diziler\02_Fonksiyonlar_Diziler.vcxproj", "{36CF1969-3B5B-45B2-A445-35EC65F691E1}"
EndProject
Project("{8BC9CEB8-8B4A-11D0-8D11-00A0C91BC942}") = "03_OOP", "03_OOP\03_OOP.vcxproj", "{E4B54098-617F-464E-9E85-46A90B459552}"
EndProject
Project("{8BC9CEB8-8B4A-11D0-8D11-00A0C91BC942}") = "04_ileri_seviye_konular", "04_ileri_seviye_konular\04_ileri_seviye_konular.vcxproj", "{4FA04EFA-AAEF-4505-95F9-47D0D3EDF009}"
EndProject
Project("{8BC9CEB8-8B4A-11D0-8D11-00A0C91BC942}") = "05_Standart_Kutuphane_ve_Uygulama", "05_Standart_Kutuphane_ve_Uygulama\05_Standart_Kutuphane_ve_Uygulama.vcxproj", "{F7C0CD28-63EF-40E3-8CDD-F500094C1440}"
EndProject
Project("{8BC9CEB8-8B4A-11D0-8D11-00A0C91BC942}") = "06_En_Iyi_Uygulamalar", "06_En_Iyi_Uygulamalar\06_En_Iyi_Uygulamalar.vcxproj", "{3F3B1F10-8183-4326-87E0-86AF75A13CD5}"
EndProject
Global
	GlobalSection(SolutionConfigurationPlatforms) = preSolution
		Debug|x64 = Debug|x64
		Debug|x86 = Debug|x86
		Release|x64 = Release|x64
		Release|x86 = Release|x86
	EndGlobalSection
	GlobalSection(ProjectConfigurationPlatforms) = postSolution
		{04F45C33-FC2B-4FEE-AC70-2D9C1B08A712}.Debug|x64.ActiveCfg = Debug|x64
		{04F45C33-FC2B-4FEE-AC70-2D9C1B08A712}.Debug|x64.Build.0 = Debug|x64
		{04F45C33-FC2B-4FEE-AC70-2D9C1B08A712}.Debug|x86.ActiveCfg = Debug|Win32
		{04F45C33-FC2B-4FEE-AC70-2D9C1B08A712}.Debug|x86.Build.0 = Debug|Win32
		{04F45C33-FC2B-4FEE-AC70-2D9C1B08A712}.Release|x64.ActiveCfg = Release|x64
		{04F45C33-FC2B-4FEE-AC70-2D9C1B08A712}.Release|x64.Build.0 = Release|x64
		{04F45C33-FC2B-4FEE-AC70-2D9C1B08A712}.Release|x86.ActiveCfg = Release|Win32
		{04F45C33-FC2B-4FEE-AC70-2D9C1B08A712}.Release|x86.Build.0 = Release|Win32
		{36CF1969-3B5B-45B2-A445-35EC65F691E1}.Debug|x64.ActiveCfg = Debug|x64
		{36CF1969-3B5B-45B2-A445-35EC65F691E1}.Debug|x64.Build.0 = Debug|x64
		{36CF1969-3B5B-45B2-A445-35EC65F691E1}.Debug|x86.ActiveCfg = Debug|Win32
		{36CF1969-3B5B-45B2-A445-35EC65F691E1}.Debug|x86.Build.0 = Debug|Win32
		{36CF1969-3B5B-45B2-A445-35EC65F691E1}.Release|x64.ActiveCfg = Release|x64
		{36CF1969-3B5B-45B2-A445-35EC65F691E1}.Release|x64.Build.0 = Release|x64
		{36CF1969-3B5B-45B2-A445-35EC65F691E1}.Release|x86.ActiveCfg = Release|Win32
		{36CF1969-3B5B-45B2-A445-35EC65F691E1}.Release|x86.Build.0 = Release|Win32
		{E4B54098-617F-464E-9E85-46A90B459552}.Debug|x64.ActiveCfg = Debug|x64
		{E4B54098-617F-464E-9E85-46A90B459552}.Debug|x64.Build.0 = Debug|x64
		{E4B54098-617F-464E-9E85-46A90B459552}.Debug|x86.ActiveCfg = Debug|Win32
		{E4B54098-617F-464E-9E85-46A90B459552}.Debug|x86.Build.0 = Debug|Win32
		{E4B54098-617F-464E-9E85-46A90B459552}.Release|x64.ActiveCfg = Release|x64
		{E4B54098-617F-464E-9E85-46A90B459552}.Release|x64.Build.0 = Release|x64
		{E4B54098-617F-464E-9E85-46A90B459552}.Release|x86.ActiveCfg = Release|Win32
		{E4B54098-617F-464E-9E85-46A90B459552}.Release|x86.Build.0 = Release|Win32
		{4FA04EFA-AAEF-4505-95F9-47D0D3EDF009}.Debug|x64.ActiveCfg = Debug|x64
		{4FA04EFA-AAEF-4505-95F9-47D0D3EDF009}.Debug|x64.Build.0 = Debug|x64
		{4FA04EFA-AAEF-4505-95F9-47D0D3EDF009}.Debug|x86.ActiveCfg = Debug|Win32
		{4FA04EFA-AAEF-4505-95F9-47D0D3EDF009}.Debug|x86.Build.0 = Debug|Win32
		{4FA04EFA-AAEF-4505-95F9-47D0D3EDF009}.Release|x64.ActiveCfg = Release|x64
		{4FA04EFA-AAEF-4505-95F9-47D0D3EDF009}.Release|x64.Build.0 = Release|x64
		{4FA04EFA-AAEF-4505-95F9-47D0D3EDF009}.Release|x86.ActiveCfg = Release|Win32
		{4FA04EFA-AAEF-4505-95F9-47D0D3EDF009}.Release|x86.Build.0 = Release|Win32
		{F7C0CD28-63EF-40E3-8CDD-F500094C1440}.Debug|x64.ActiveCfg = Debug|x64
		{F7C0CD28-63EF-40E3-8CDD-F500094C1440}.Debug|x64.Build.0 = Debug|x64
		{F7C0CD28-63EF-40E3-8CDD-F500094C1440}.Debug|x86.ActiveCfg = Debug|Win32
		{F7C0CD28-63EF-40E3-8CDD-F500094C1440}.Debug|x86.Build.0 = Debug|Win32
		{F7C0CD28-63EF-40E3-8CDD-F500094C1440}.Release|x64.ActiveCfg = Release|x64
		{F7C0CD28-63EF-40E3-8CDD-F500094C1440}.Release|x64.Build.0 = Release|x64
		{F7C0CD28-63EF-40E3-8CDD-F500094C1440}.Release|x86.ActiveCfg = Release|Win32
		{F7C0CD28-63EF-40E3-8CDD-F500094C1440}.Release|x86.Build.0 = Release|Win32
		{3F3B1F10-8183-4326-87E0-86AF75A13CD5}.Debug|x64.ActiveCfg = Debug|x64
		{3F3B1F10-8183-4326-87E0-86AF75A13CD5}.Debug|x64.Build.0 = Debug|x64
		{3F3B1F10-8183-4326-87E0-86AF75A13CD5}.Debug|x86.ActiveCfg = Debug|Win32
		{3F3B1F10-8183-4326-87E0-86AF75A13CD5}.Debug|x86.Build.0 = Debug|Win32
		{3F3B1F10-8183-4326-87E0-86AF75A13CD5}.Release|x64.ActiveCfg = Release|x64
		{3F3B1F10-8183-4326-87E0-86AF75A13CD5}.Release|x64.Build.0 = Release|x64
		{3F3B1F10-8183-4326-87E0-86AF75A13CD5}.Release|x86.ActiveCfg = Release|Win32
		{3F3B1F10-8183-4326-87E0-86AF75A13CD5}.Release|x86.Build.0 = Release|Win32
	EndGlobalSection
	GlobalSection(SolutionProperties) = preSolution
		HideSolutionNode = FALSE
	EndGlobalSection
	GlobalSection(ExtensibilityGlobals) = postSolution
		SolutionGuid = {A55602A9-2A3D-4B1E-9428-59D84B98536A}
	EndGlobalSection
EndGlobal
