
Microsoft Visual Studio Solution File, Format Version 12.00
# Visual Studio Version 17
VisualStudioVersion = 17.13.35825.156
MinimumVisualStudioVersion = 10.0.40219.1
Project("{8BC9CEB8-8B4A-11D0-8D11-00A0C91BC942}") = "01_Fundamentals", "01_Fundamantels\01_Fundamantels.vcxproj", "{04F45C33-FC2B-4FEE-AC70-2D9C1B08A712}"
EndProject
Project("{8BC9CEB8-8B4A-11D0-8D11-00A0C91BC942}") = "02_Functions_Arrays", "02_Functions_Arrays\02_Functions_Arrays.vcxproj", "{36CF1969-3B5B-45B2-A445-35EC65F691E1}"
EndProject
Project("{8BC9CEB8-8B4A-11D0-8D11-00A0C91BC942}") = "03_OOP", "03_OOP\03_OOP.vcxproj", "{E4B54098-617F-464E-9E85-46A90B459552}"
EndProject
Project("{8BC9CEB8-8B4A-11D0-8D11-00A0C91BC942}") = "04_Advanced", "04_Advanced_Topics\04_Advanced_Topics.vcxproj", "{4FA04EFA-AAEF-4505-95F9-47D0D3EDF009}"
EndProject
Project("{8BC9CEB8-8B4A-11D0-8D11-00A0C91BC942}") = "05_Standard_Library_Practice", "05_Standard_Library_and_Examples\05_Standard_Library_and_Examples.vcxproj", "{F7C0CD28-63EF-40E3-8CDD-F500094C1440}"
EndProject
Project("{8BC9CEB8-8B4A-11D0-8D11-00A0C91BC942}") = "06_Top_Applications", "06_Top_Applications\06_Top_Applications.vcxproj", "{6937C749-351C-4165-9528-A712AB39DB10}"
EndProject
Project("{2150E333-8FDC-42A3-9474-1A3956D46DE8}") = "Solution Items", "Solution Items", "{8EC462FD-D22E-90A8-E5CE-7E832BA40C5D}"
	ProjectSection(SolutionItems) = preProject
		.gitignore = .gitignore
		README.md = README.md
	EndProjectSection
EndProject
Global
	GlobalSection(SolutionConfigurationPlatforms) = preSolution
		Debug|x64 = Debug|x64
		Debug|x86 = Debug|x86
		Release|x64 = Release|x64
		Release|x86 = Release|x86
	EndGlobalSection
	GlobalSection(ProjectConfigurationPlatforms) = postSolution
		{04F45C33-FC2B-4FEE-AC70-2D9C1B08A712}.Debug|x64.ActiveCfg = Debug|x64
		{04F45C33-FC2B-4FEE-AC70-2D9C1B08A712}.Debug|x64.Build.0 = Debug|x64
		{04F45C33-FC2B-4FEE-AC70-2D9C1B08A712}.Debug|x86.ActiveCfg = Debug|Win32
		{04F45C33-FC2B-4FEE-AC70-2D9C1B08A712}.Debug|x86.Build.0 = Debug|Win32
		{04F45C33-FC2B-4FEE-AC70-2D9C1B08A712}.Release|x64.ActiveCfg = Release|x64
		{04F45C33-FC2B-4FEE-AC70-2D9C1B08A712}.Release|x64.Build.0 = Release|x64
		{04F45C33-FC2B-4FEE-AC70-2D9C1B08A712}.Release|x86.ActiveCfg = Release|Win32
		{04F45C33-FC2B-4FEE-AC70-2D9C1B08A712}.Release|x86.Build.0 = Release|Win32
		{36CF1969-3B5B-45B2-A445-35EC65F691E1}.Debug|x64.ActiveCfg = Debug|x64
		{36CF1969-3B5B-45B2-A445-35EC65F691E1}.Debug|x64.Build.0 = Debug|x64
		{36CF1969-3B5B-45B2-A445-35EC65F691E1}.Debug|x86.ActiveCfg = Debug|Win32
		{36CF1969-3B5B-45B2-A445-35EC65F691E1}.Debug|x86.Build.0 = Debug|Win32
		{36CF1969-3B5B-45B2-A445-35EC65F691E1}.Release|x64.ActiveCfg = Release|x64
		{36CF1969-3B5B-45B2-A445-35EC65F691E1}.Release|x64.Build.0 = Release|x64
		{36CF1969-3B5B-45B2-A445-35EC65F691E1}.Release|x86.ActiveCfg = Release|Win32
		{36CF1969-3B5B-45B2-A445-35EC65F691E1}.Release|x86.Build.0 = Release|Win32
		{E4B54098-617F-464E-9E85-46A90B459552}.Debug|x64.ActiveCfg = Debug|x64
		{E4B54098-617F-464E-9E85-46A90B459552}.Debug|x64.Build.0 = Debug|x64
		{E4B54098-617F-464E-9E85-46A90B459552}.Debug|x86.ActiveCfg = Debug|Win32
		{E4B54098-617F-464E-9E85-46A90B459552}.Debug|x86.Build.0 = Debug|Win32
		{E4B54098-617F-464E-9E85-46A90B459552}.Release|x64.ActiveCfg = Release|x64
		{E4B54098-617F-464E-9E85-46A90B459552}.Release|x64.Build.0 = Release|x64
		{E4B54098-617F-464E-9E85-46A90B459552}.Release|x86.ActiveCfg = Release|Win32
		{E4B54098-617F-464E-9E85-46A90B459552}.Release|x86.Build.0 = Release|Win32
		{4FA04EFA-AAEF-4505-95F9-47D0D3EDF009}.Debug|x64.ActiveCfg = Debug|x64
		{4FA04EFA-AAEF-4505-95F9-47D0D3EDF009}.Debug|x64.Build.0 = Debug|x64
		{4FA04EFA-AAEF-4505-95F9-47D0D3EDF009}.Debug|x86.ActiveCfg = Debug|Win32
		{4FA04EFA-AAEF-4505-95F9-47D0D3EDF009}.Debug|x86.Build.0 = Debug|Win32
		{4FA04EFA-AAEF-4505-95F9-47D0D3EDF009}.Release|x64.ActiveCfg = Release|x64
		{4FA04EFA-AAEF-4505-95F9-47D0D3EDF009}.Release|x64.Build.0 = Release|x64
		{4FA04EFA-AAEF-4505-95F9-47D0D3EDF009}.Release|x86.ActiveCfg = Release|Win32
		{4FA04EFA-AAEF-4505-95F9-47D0D3EDF009}.Release|x86.Build.0 = Release|Win32
		{F7C0CD28-63EF-40E3-8CDD-F500094C1440}.Debug|x64.ActiveCfg = Debug|x64
		{F7C0CD28-63EF-40E3-8CDD-F500094C1440}.Debug|x64.Build.0 = Debug|x64
		{F7C0CD28-63EF-40E3-8CDD-F500094C1440}.Debug|x86.ActiveCfg = Debug|Win32
		{F7C0CD28-63EF-40E3-8CDD-F500094C1440}.Debug|x86.Build.0 = Debug|Win32
		{F7C0CD28-63EF-40E3-8CDD-F500094C1440}.Release|x64.ActiveCfg = Release|x64
		{F7C0CD28-63EF-40E3-8CDD-F500094C1440}.Release|x64.Build.0 = Release|x64
		{F7C0CD28-63EF-40E3-8CDD-F500094C1440}.Release|x86.ActiveCfg = Release|Win32
		{F7C0CD28-63EF-40E3-8CDD-F500094C1440}.Release|x86.Build.0 = Release|Win32
		{6937C749-351C-4165-9528-A712AB39DB10}.Debug|x64.ActiveCfg = Debug|x64
		{6937C749-351C-4165-9528-A712AB39DB10}.Debug|x64.Build.0 = Debug|x64
		{6937C749-351C-4165-9528-A712AB39DB10}.Debug|x86.ActiveCfg = Debug|Win32
		{6937C749-351C-4165-9528-A712AB39DB10}.Debug|x86.Build.0 = Debug|Win32
		{6937C749-351C-4165-9528-A712AB39DB10}.Release|x64.ActiveCfg = Release|x64
		{6937C749-351C-4165-9528-A712AB39DB10}.Release|x64.Build.0 = Release|x64
		{6937C749-351C-4165-9528-A712AB39DB10}.Release|x86.ActiveCfg = Release|Win32
		{6937C749-351C-4165-9528-A712AB39DB10}.Release|x86.Build.0 = Release|Win32
	EndGlobalSection
	GlobalSection(SolutionProperties) = preSolution
		HideSolutionNode = FALSE
	EndGlobalSection
	GlobalSection(ExtensibilityGlobals) = postSolution
		SolutionGuid = {A55602A9-2A3D-4B1E-9428-59D84B98536A}
	EndGlobalSection
EndGlobal
