<?xml version="1.0" encoding="utf-8"?>
<Project ToolsVersion="4.0" xmlns="http://schemas.microsoft.com/developer/msbuild/2003">
  <ItemGroup>
    <ClCompile Include="01_Vector.cpp" />
    <ClCompile Include="02_List.cpp" />
    <ClCompile Include="03_Set_UnorderedSet.cpp" />
    <ClCompile Include="04_Map_UnorderedMap.cpp" />
    <ClCompile Include="05_StackQueue.cpp" />
    <ClCompile Include="06_Algoritmalar.cpp" />
    <ClCompile Include="07_DosyaIslemleri.cpp" />
    <ClCompile Include="08_Uygulama_KitapYonetim.cpp" />
  </ItemGroup>
  <ItemGroup>
    <None Include="README.md" />
  </ItemGroup>
</Project>