<?xml version="1.0" encoding="utf-8"?>
<Project ToolsVersion="4.0" xmlns="http://schemas.microsoft.com/developer/msbuild/2003">
  <ItemGroup>
    <ClCompile Include="01_SinifNesne.cpp" />
    <ClCompile Include="02_YapiciYikici.cpp" />
    <ClCompile Include="03_Kapsulleme.cpp" />
    <ClCompile Include="04_Kalitim.cpp" />
    <ClCompile Include="05_Polymorphism.cpp" />
    <ClCompile Include="06_SoyutSinifArayuz.cpp" />
    <ClCompile Include="07_OperatorOverloading.cpp" />
    <ClCompile Include="08_OOPUygulamasi_OgrenciYonetim.cpp" />
  </ItemGroup>
  <ItemGroup>
    <None Include="README.md" />
  </ItemGroup>
</Project>